
Microsoft Visual Studio Solution File, Format Version 12.00
# Visual Studio Version 16
VisualStudioVersion = 16.0.30717.126
MinimumVisualStudioVersion = 10.0.40219.1
Project("{FAE04EC0-301F-11D3-BF4B-00C04F79EFBC}") = "OrdersApp", "OrdersApp\OrdersApp.csproj", "{0F49428E-FA90-41C8-8A1D-EE14C2CD3F69}"
EndProject
Project("{FAE04EC0-301F-11D3-BF4B-00C04F79EFBC}") = "OrdersBusinessLogic", "OrdersBusinessLogic\OrdersBusinessLogic.csproj", "{A54CD1F8-894D-42EE-B6BF-F9FE4A2D31D3}"
EndProject
Project("{FAE04EC0-301F-11D3-BF4B-00C04F79EFBC}") = "OrdersDataAccess", "OrdersDataAccess\OrdersDataAccess.csproj", "{F6C30D8A-3FD3-4027-B660-C863726B0A97}"
EndProject
Global
	GlobalSection(SolutionConfigurationPlatforms) = preSolution
		Debug|Any CPU = Debug|Any CPU
		Release|Any CPU = Release|Any CPU
	EndGlobalSection
	GlobalSection(ProjectConfigurationPlatforms) = postSolution
		{0F49428E-FA90-41C8-8A1D-EE14C2CD3F69}.Debug|Any CPU.ActiveCfg = Debug|Any CPU
		{0F49428E-FA90-41C8-8A1D-EE14C2CD3F69}.Debug|Any CPU.Build.0 = Debug|Any CPU
		{0F49428E-FA90-41C8-8A1D-EE14C2CD3F69}.Release|Any CPU.ActiveCfg = Release|Any CPU
		{0F49428E-FA90-41C8-8A1D-EE14C2CD3F69}.Release|Any CPU.Build.0 = Release|Any CPU
		{A54CD1F8-894D-42EE-B6BF-F9FE4A2D31D3}.Debug|Any CPU.ActiveCfg = Debug|Any CPU
		{A54CD1F8-894D-42EE-B6BF-F9FE4A2D31D3}.Debug|Any CPU.Build.0 = Debug|Any CPU
		{A54CD1F8-894D-42EE-B6BF-F9FE4A2D31D3}.Release|Any CPU.ActiveCfg = Release|Any CPU
		{A54CD1F8-894D-42EE-B6BF-F9FE4A2D31D3}.Release|Any CPU.Build.0 = Release|Any CPU
		{F6C30D8A-3FD3-4027-B660-C863726B0A97}.Debug|Any CPU.ActiveCfg = Debug|Any CPU
		{F6C30D8A-3FD3-4027-B660-C863726B0A97}.Debug|Any CPU.Build.0 = Debug|Any CPU
		{F6C30D8A-3FD3-4027-B660-C863726B0A97}.Release|Any CPU.ActiveCfg = Release|Any CPU
		{F6C30D8A-3FD3-4027-B660-C863726B0A97}.Release|Any CPU.Build.0 = Release|Any CPU
	EndGlobalSection
	GlobalSection(SolutionProperties) = preSolution
		HideSolutionNode = FALSE
	EndGlobalSection
	GlobalSection(ExtensibilityGlobals) = postSolution
		SolutionGuid = {9906C274-8313-4322-891C-AF474A47518C}
	EndGlobalSection
EndGlobal
